// !$*UTF8*$!
{
	archiveVersion = 1;
	classes = {
	};
	objectVersion = 46;
	objects = {

/* Begin PBXBuildFile section */
		54FDBBE11F5D8E0500BF7A19 /* AppDelegate.swift in Sources */ = {isa = PBXBuildFile; fileRef = 54FDBBE01F5D8E0500BF7A19 /* AppDelegate.swift */; };
		54FDBBE61F5D8E0500BF7A19 /* Main.storyboard in Resources */ = {isa = PBXBuildFile; fileRef = 54FDBBE41F5D8E0500BF7A19 /* Main.storyboard */; };
		54FDBBE81F5D8E0500BF7A19 /* Assets.xcassets in Resources */ = {isa = PBXBuildFile; fileRef = 54FDBBE71F5D8E0500BF7A19 /* Assets.xcassets */; };
		54FDBBEB1F5D8E0500BF7A19 /* LaunchScreen.storyboard in Resources */ = {isa = PBXBuildFile; fileRef = 54FDBBE91F5D8E0500BF7A19 /* LaunchScreen.storyboard */; };
		54FDBBF51F5D912400BF7A19 /* TweetTableViewController.swift in Sources */ = {isa = PBXBuildFile; fileRef = 54FDBBF41F5D912400BF7A19 /* TweetTableViewController.swift */; };
		54FDBBF81F5DC65400BF7A19 /* Twitter.framework in Frameworks */ = {isa = PBXBuildFile; fileRef = 54FDBBF71F5DC65400BF7A19 /* Twitter.framework */; settings = {ATTRIBUTES = (Required, ); }; };
		54FDBBFB1F5DD43B00BF7A19 /* Twitter.framework in Embed Frameworks */ = {isa = PBXBuildFile; fileRef = 54FDBBF91F5DD43B00BF7A19 /* Twitter.framework */; settings = {ATTRIBUTES = (CodeSignOnCopy, RemoveHeadersOnCopy, ); }; };
		54FDBBFF1F5DE9A100BF7A19 /* TweetTableViewCell.swift in Sources */ = {isa = PBXBuildFile; fileRef = 54FDBBFD1F5DE51500BF7A19 /* TweetTableViewCell.swift */; };
/* End PBXBuildFile section */

/* Begin PBXCopyFilesBuildPhase section */
		54FDBBFC1F5DD43B00BF7A19 /* Embed Frameworks */ = {
			isa = PBXCopyFilesBuildPhase;
			buildActionMask = 2147483647;
			dstPath = "";
			dstSubfolderSpec = 10;
			files = (
				54FDBBFB1F5DD43B00BF7A19 /* Twitter.framework in Embed Frameworks */,
			);
			name = "Embed Frameworks";
			runOnlyForDeploymentPostprocessing = 0;
		};
/* End PBXCopyFilesBuildPhase section */

/* Begin PBXFileReference section */
		54FDBBDD1F5D8E0500BF7A19 /* Smashtag.app */ = {isa = PBXFileReference; explicitFileType = wrapper.application; includeInIndex = 0; path = Smashtag.app; sourceTree = BUILT_PRODUCTS_DIR; };
		54FDBBE01F5D8E0500BF7A19 /* AppDelegate.swift */ = {isa = PBXFileReference; lastKnownFileType = sourcecode.swift; path = AppDelegate.swift; sourceTree = "<group>"; };
		54FDBBE51F5D8E0500BF7A19 /* Base */ = {isa = PBXFileReference; lastKnownFileType = file.storyboard; name = Base; path = Base.lproj/Main.storyboard; sourceTree = "<group>"; };
		54FDBBE71F5D8E0500BF7A19 /* Assets.xcassets */ = {isa = PBXFileReference; lastKnownFileType = folder.assetcatalog; path = Assets.xcassets; sourceTree = "<group>"; };
		54FDBBEA1F5D8E0500BF7A19 /* Base */ = {isa = PBXFileReference; lastKnownFileType = file.storyboard; name = Base; path = Base.lproj/LaunchScreen.storyboard; sourceTree = "<group>"; };
		54FDBBEC1F5D8E0500BF7A19 /* Info.plist */ = {isa = PBXFileReference; lastKnownFileType = text.plist.xml; path = Info.plist; sourceTree = "<group>"; };
		54FDBBF41F5D912400BF7A19 /* TweetTableViewController.swift */ = {isa = PBXFileReference; fileEncoding = 4; lastKnownFileType = sourcecode.swift; path = TweetTableViewController.swift; sourceTree = "<group>"; };
		54FDBBF71F5DC65400BF7A19 /* Twitter.framework */ = {isa = PBXFileReference; lastKnownFileType = wrapper.framework; name = Twitter.framework; path = "../../Desktop/Twitter/build/Debug-iphoneos/Twitter.framework"; sourceTree = "<group>"; };
		54FDBBF91F5DD43B00BF7A19 /* Twitter.framework */ = {isa = PBXFileReference; explicitFileType = wrapper.framework; path = Twitter.framework; sourceTree = BUILT_PRODUCTS_DIR; };
		54FDBBFD1F5DE51500BF7A19 /* TweetTableViewCell.swift */ = {isa = PBXFileReference; fileEncoding = 4; lastKnownFileType = sourcecode.swift; path = TweetTableViewCell.swift; sourceTree = "<group>"; };
/* End PBXFileReference section */

/* Begin PBXFrameworksBuildPhase section */
		54FDBBDA1F5D8E0500BF7A19 /* Frameworks */ = {
			isa = PBXFrameworksBuildPhase;
			buildActionMask = 2147483647;
			files = (
				54FDBBF81F5DC65400BF7A19 /* Twitter.framework in Frameworks */,
			);
			runOnlyForDeploymentPostprocessing = 0;
		};
/* End PBXFrameworksBuildPhase section */

/* Begin PBXGroup section */
		54FDBBD41F5D8E0500BF7A19 = {
			isa = PBXGroup;
			children = (
				54FDBBDF1F5D8E0500BF7A19 /* Smashtag */,
				54FDBBDE1F5D8E0500BF7A19 /* Products */,
				54FDBBF61F5DC65400BF7A19 /* Frameworks */,
				54FDBBF91F5DD43B00BF7A19 /* Twitter.framework */,
			);
			sourceTree = "<group>";
		};
		54FDBBDE1F5D8E0500BF7A19 /* Products */ = {
			isa = PBXGroup;
			children = (
				54FDBBDD1F5D8E0500BF7A19 /* Smashtag.app */,
			);
			name = Products;
			sourceTree = "<group>";
		};
		54FDBBDF1F5D8E0500BF7A19 /* Smashtag */ = {
			isa = PBXGroup;
			children = (
				54FDBBF41F5D912400BF7A19 /* TweetTableViewController.swift */,
				54FDBBE41F5D8E0500BF7A19 /* Main.storyboard */,
				54FDBBEC1F5D8E0500BF7A19 /* Info.plist */,
				54FDBBFD1F5DE51500BF7A19 /* TweetTableViewCell.swift */,
				54FDBBF31F5D8EBA00BF7A19 /* Supporting Files */,
			);
			path = Smashtag;
			sourceTree = "<group>";
		};
		54FDBBF31F5D8EBA00BF7A19 /* Supporting Files */ = {
			isa = PBXGroup;
			children = (
				54FDBBE01F5D8E0500BF7A19 /* AppDelegate.swift */,
				54FDBBE71F5D8E0500BF7A19 /* Assets.xcassets */,
				54FDBBE91F5D8E0500BF7A19 /* LaunchScreen.storyboard */,
			);
			name = "Supporting Files";
			sourceTree = "<group>";
		};
		54FDBBF61F5DC65400BF7A19 /* Frameworks */ = {
			isa = PBXGroup;
			children = (
				54FDBBF71F5DC65400BF7A19 /* Twitter.framework */,
			);
			name = Frameworks;
			sourceTree = "<group>";
		};
/* End PBXGroup section */

/* Begin PBXNativeTarget section */
		54FDBBDC1F5D8E0500BF7A19 /* Smashtag */ = {
			isa = PBXNativeTarget;
			buildConfigurationList = 54FDBBEF1F5D8E0500BF7A19 /* Build configuration list for PBXNativeTarget "Smashtag" */;
			buildPhases = (
				54FDBBD91F5D8E0500BF7A19 /* Sources */,
				54FDBBDA1F5D8E0500BF7A19 /* Frameworks */,
				54FDBBDB1F5D8E0500BF7A19 /* Resources */,
				54FDBBFC1F5DD43B00BF7A19 /* Embed Frameworks */,
			);
			buildRules = (
			);
			dependencies = (
			);
			name = Smashtag;
			productName = Smashtag;
			productReference = 54FDBBDD1F5D8E0500BF7A19 /* Smashtag.app */;
			productType = "com.apple.product-type.application";
		};
/* End PBXNativeTarget section */

/* Begin PBXProject section */
		54FDBBD51F5D8E0500BF7A19 /* Project object */ = {
			isa = PBXProject;
			attributes = {
				LastSwiftUpdateCheck = 0830;
				LastUpgradeCheck = 0830;
				ORGANIZATIONNAME = "Martin Vacas";
				TargetAttributes = {
					54FDBBDC1F5D8E0500BF7A19 = {
						CreatedOnToolsVersion = 8.3.3;
						ProvisioningStyle = Automatic;
					};
				};
			};
			buildConfigurationList = 54FDBBD81F5D8E0500BF7A19 /* Build configuration list for PBXProject "Smashtag" */;
			compatibilityVersion = "Xcode 3.2";
			developmentRegion = English;
			hasScannedForEncodings = 0;
			knownRegions = (
				en,
				Base,
			);
			mainGroup = 54FDBBD41F5D8E0500BF7A19;
			productRefGroup = 54FDBBDE1F5D8E0500BF7A19 /* Products */;
			projectDirPath = "";
			projectRoot = "";
			targets = (
				54FDBBDC1F5D8E0500BF7A19 /* Smashtag */,
			);
		};
/* End PBXProject section */

/* Begin PBXResourcesBuildPhase section */
		54FDBBDB1F5D8E0500BF7A19 /* Resources */ = {
			isa = PBXResourcesBuildPhase;
			buildActionMask = 2147483647;
			files = (
				54FDBBEB1F5D8E0500BF7A19 /* LaunchScreen.storyboard in Resources */,
				54FDBBE81F5D8E0500BF7A19 /* Assets.xcassets in Resources */,
				54FDBBE61F5D8E0500BF7A19 /* Main.storyboard in Resources */,
			);
			runOnlyForDeploymentPostprocessing = 0;
		};
/* End PBXResourcesBuildPhase section */

/* Begin PBXSourcesBuildPhase section */
		54FDBBD91F5D8E0500BF7A19 /* Sources */ = {
			isa = PBXSourcesBuildPhase;
			buildActionMask = 2147483647;
			files = (
				54FDBBE11F5D8E0500BF7A19 /* AppDelegate.swift in Sources */,
				54FDBBF51F5D912400BF7A19 /* TweetTableViewController.swift in Sources */,
				54FDBBFF1F5DE9A100BF7A19 /* TweetTableViewCell.swift in Sources */,
			);
			runOnlyForDeploymentPostprocessing = 0;
		};
/* End PBXSourcesBuildPhase section */

/* Begin PBXVariantGroup section */
		54FDBBE41F5D8E0500BF7A19 /* Main.storyboard */ = {
			isa = PBXVariantGroup;
			children = (
				54FDBBE51F5D8E0500BF7A19 /* Base */,
			);
			name = Main.storyboard;
			sourceTree = "<group>";
		};
		54FDBBE91F5D8E0500BF7A19 /* LaunchScreen.storyboard */ = {
			isa = PBXVariantGroup;
			children = (
				54FDBBEA1F5D8E0500BF7A19 /* Base */,
			);
			name = LaunchScreen.storyboard;
			sourceTree = "<group>";
		};
/* End PBXVariantGroup section */

/* Begin XCBuildConfiguration section */
		54FDBBED1F5D8E0500BF7A19 /* Debug */ = {
			isa = XCBuildConfiguration;
			buildSettings = {
				ALWAYS_SEARCH_USER_PATHS = NO;
				CLANG_ANALYZER_NONNULL = YES;
				CLANG_ANALYZER_NUMBER_OBJECT_CONVERSION = YES_AGGRESSIVE;
				CLANG_CXX_LANGUAGE_STANDARD = "gnu++0x";
				CLANG_CXX_LIBRARY = "libc++";
				CLANG_ENABLE_MODULES = YES;
				CLANG_ENABLE_OBJC_ARC = YES;
				CLANG_WARN_BOOL_CONVERSION = YES;
				CLANG_WARN_CONSTANT_CONVERSION = YES;
				CLANG_WARN_DIRECT_OBJC_ISA_USAGE = YES_ERROR;
				CLANG_WARN_DOCUMENTATION_COMMENTS = YES;
				CLANG_WARN_EMPTY_BODY = YES;
				CLANG_WARN_ENUM_CONVERSION = YES;
				CLANG_WARN_INFINITE_RECURSION = YES;
				CLANG_WARN_INT_CONVERSION = YES;
				CLANG_WARN_OBJC_ROOT_CLASS = YES_ERROR;
				CLANG_WARN_SUSPICIOUS_MOVE = YES;
				CLANG_WARN_UNREACHABLE_CODE = YES;
				CLANG_WARN__DUPLICATE_METHOD_MATCH = YES;
				"CODE_SIGN_IDENTITY[sdk=iphoneos*]" = "iPhone Developer";
				COPY_PHASE_STRIP = NO;
				DEBUG_INFORMATION_FORMAT = dwarf;
				ENABLE_STRICT_OBJC_MSGSEND = YES;
				ENABLE_TESTABILITY = YES;
				GCC_C_LANGUAGE_STANDARD = gnu99;
				GCC_DYNAMIC_NO_PIC = NO;
				GCC_NO_COMMON_BLOCKS = YES;
				GCC_OPTIMIZATION_LEVEL = 0;
				GCC_PREPROCESSOR_DEFINITIONS = (
					"DEBUG=1",
					"$(inherited)",
				);
				GCC_WARN_64_TO_32_BIT_CONVERSION = YES;
				GCC_WARN_ABOUT_RETURN_TYPE = YES_ERROR;
				GCC_WARN_UNDECLARED_SELECTOR = YES;
				GCC_WARN_UNINITIALIZED_AUTOS = YES_AGGRESSIVE;
				GCC_WARN_UNUSED_FUNCTION = YES;
				GCC_WARN_UNUSED_VARIABLE = YES;
				IPHONEOS_DEPLOYMENT_TARGET = 10.3;
				MTL_ENABLE_DEBUG_INFO = YES;
				ONLY_ACTIVE_ARCH = YES;
				SDKROOT = iphoneos;
				SWIFT_ACTIVE_COMPILATION_CONDITIONS = DEBUG;
				SWIFT_OPTIMIZATION_LEVEL = "-Onone";
			};
			name = Debug;
		};
		54FDBBEE1F5D8E0500BF7A19 /* Release */ = {
			isa = XCBuildConfiguration;
			buildSettings = {
				ALWAYS_SEARCH_USER_PATHS = NO;
				CLANG_ANALYZER_NONNULL = YES;
				CLANG_ANALYZER_NUMBER_OBJECT_CONVERSION = YES_AGGRESSIVE;
				CLANG_CXX_LANGUAGE_STANDARD = "gnu++0x";
				CLANG_CXX_LIBRARY = "libc++";
				CLANG_ENABLE_MODULES = YES;
				CLANG_ENABLE_OBJC_ARC = YES;
				CLANG_WARN_BOOL_CONVERSION = YES;
				CLANG_WARN_CONSTANT_CONVERSION = YES;
				CLANG_WARN_DIRECT_OBJC_ISA_USAGE = YES_ERROR;
				CLANG_WARN_DOCUMENTATION_COMMENTS = YES;
				CLANG_WARN_EMPTY_BODY = YES;
				CLANG_WARN_ENUM_CONVERSION = YES;
				CLANG_WARN_INFINITE_RECURSION = YES;
				CLANG_WARN_INT_CONVERSION = YES;
				CLANG_WARN_OBJC_ROOT_CLASS = YES_ERROR;
				CLANG_WARN_SUSPICIOUS_MOVE = YES;
				CLANG_WARN_UNREACHABLE_CODE = YES;
				CLANG_WARN__DUPLICATE_METHOD_MATCH = YES;
				"CODE_SIGN_IDENTITY[sdk=iphoneos*]" = "iPhone Developer";
				COPY_PHASE_STRIP = NO;
				DEBUG_INFORMATION_FORMAT = "dwarf-with-dsym";
				ENABLE_NS_ASSERTIONS = NO;
				ENABLE_STRICT_OBJC_MSGSEND = YES;
				GCC_C_LANGUAGE_STANDARD = gnu99;
				GCC_NO_COMMON_BLOCKS = YES;
				GCC_WARN_64_TO_32_BIT_CONVERSION = YES;
				GCC_WARN_ABOUT_RETURN_TYPE = YES_ERROR;
				GCC_WARN_UNDECLARED_SELECTOR = YES;
				GCC_WARN_UNINITIALIZED_AUTOS = YES_AGGRESSIVE;
				GCC_WARN_UNUSED_FUNCTION = YES;
				GCC_WARN_UNUSED_VARIABLE = YES;
				IPHONEOS_DEPLOYMENT_TARGET = 10.3;
				MTL_ENABLE_DEBUG_INFO = NO;
				SDKROOT = iphoneos;
				SWIFT_OPTIMIZATION_LEVEL = "-Owholemodule";
				VALIDATE_PRODUCT = YES;
			};
			name = Release;
		};
		54FDBBF01F5D8E0500BF7A19 /* Debug */ = {
			isa = XCBuildConfiguration;
			buildSettings = {
				ASSETCATALOG_COMPILER_APPICON_NAME = AppIcon;
				INFOPLIST_FILE = Smashtag/Info.plist;
				LD_RUNPATH_SEARCH_PATHS = "$(inherited) @executable_path/Frameworks";
				PRODUCT_BUNDLE_IDENTIFIER = ar.com.fluxit.Smashtag;
				PRODUCT_NAME = "$(TARGET_NAME)";
				SWIFT_VERSION = 3.0;
			};
			name = Debug;
		};
		54FDBBF11F5D8E0500BF7A19 /* Release */ = {
			isa = XCBuildConfiguration;
			buildSettings = {
				ASSETCATALOG_COMPILER_APPICON_NAME = AppIcon;
				INFOPLIST_FILE = Smashtag/Info.plist;
				LD_RUNPATH_SEARCH_PATHS = "$(inherited) @executable_path/Frameworks";
				PRODUCT_BUNDLE_IDENTIFIER = ar.com.fluxit.Smashtag;
				PRODUCT_NAME = "$(TARGET_NAME)";
				SWIFT_VERSION = 3.0;
			};
			name = Release;
		};
/* End XCBuildConfiguration section */

/* Begin XCConfigurationList section */
		54FDBBD81F5D8E0500BF7A19 /* Build configuration list for PBXProject "Smashtag" */ = {
			isa = XCConfigurationList;
			buildConfigurations = (
				54FDBBED1F5D8E0500BF7A19 /* Debug */,
				54FDBBEE1F5D8E0500BF7A19 /* Release */,
			);
			defaultConfigurationIsVisible = 0;
			defaultConfigurationName = Release;
		};
		54FDBBEF1F5D8E0500BF7A19 /* Build configuration list for PBXNativeTarget "Smashtag" */ = {
			isa = XCConfigurationList;
			buildConfigurations = (
				54FDBBF01F5D8E0500BF7A19 /* Debug */,
				54FDBBF11F5D8E0500BF7A19 /* Release */,
			);
			defaultConfigurationIsVisible = 0;
			defaultConfigurationName = Release;
		};
/* End XCConfigurationList section */
	};
	rootObject = 54FDBBD51F5D8E0500BF7A19 /* Project object */;
}
